// !$*UTF8*$!
{
	archiveVersion = 1;
	classes = {
	};
	objectVersion = 51;
	objects = {

/* Begin PBXBuildFile section */
		2589CD87256D521800695DF5 /* UserDefaultsService.swift in Sources */ = {isa = PBXBuildFile; fileRef = 2589CD86256D521800695DF5 /* UserDefaultsService.swift */; };
		25991B80256D4278000C4D43 /* VerificationPresenter.swift in Sources */ = {isa = PBXBuildFile; fileRef = 25991B7F256D4278000C4D43 /* VerificationPresenter.swift */; };
		25BCBA98256D4B7600576EE8 /* AuthorizationData.swift in Sources */ = {isa = PBXBuildFile; fileRef = 25BCBA97256D4B7600576EE8 /* AuthorizationData.swift */; };
		25EF6E732567D03D0009652B /* UIImage+.swift in Sources */ = {isa = PBXBuildFile; fileRef = 25EF6E722567D03D0009652B /* UIImage+.swift */; };
		3831B7B82564192F00C250EB /* AppDelegate.swift in Sources */ = {isa = PBXBuildFile; fileRef = 3831B7B72564192F00C250EB /* AppDelegate.swift */; };
		3831B7BA2564192F00C250EB /* SceneDelegate.swift in Sources */ = {isa = PBXBuildFile; fileRef = 3831B7B92564192F00C250EB /* SceneDelegate.swift */; };
		3831B7C12564193000C250EB /* Assets.xcassets in Resources */ = {isa = PBXBuildFile; fileRef = 3831B7C02564193000C250EB /* Assets.xcassets */; };
		3831B7C42564193000C250EB /* LaunchScreen.storyboard in Resources */ = {isa = PBXBuildFile; fileRef = 3831B7C22564193000C250EB /* LaunchScreen.storyboard */; };
		384A0A032567E1C200C40377 /* Coordinator.swift in Sources */ = {isa = PBXBuildFile; fileRef = 384A0A022567E1C200C40377 /* Coordinator.swift */; };
		38804E242566504B008A1108 /* ShoppingListsModel.swift in Sources */ = {isa = PBXBuildFile; fileRef = 38804E232566504B008A1108 /* ShoppingListsModel.swift */; };
		38804E2B25665AF2008A1108 /* ShoppingListsCell.swift in Sources */ = {isa = PBXBuildFile; fileRef = 38804E2A25665AF2008A1108 /* ShoppingListsCell.swift */; };
		3885AE822565365A00EC71E8 /* ShoppingListsViewController.swift in Sources */ = {isa = PBXBuildFile; fileRef = 3885AE812565365A00EC71E8 /* ShoppingListsViewController.swift */; };
		3885AE852565366A00EC71E8 /* ShoppingListsPresenter.swift in Sources */ = {isa = PBXBuildFile; fileRef = 3885AE842565366A00EC71E8 /* ShoppingListsPresenter.swift */; };
		38C2606425668CC9006C6FA7 /* ListTableViewController.swift in Sources */ = {isa = PBXBuildFile; fileRef = 38C2606325668CC9006C6FA7 /* ListTableViewController.swift */; };
		38C2606825668F4C006C6FA7 /* ShoppingListsViewController+UICollectionViewDelegateFlowLayout.swift in Sources */ = {isa = PBXBuildFile; fileRef = 38C2606725668F4C006C6FA7 /* ShoppingListsViewController+UICollectionViewDelegateFlowLayout.swift */; };
		38C2606C25669668006C6FA7 /* ListPresenter.swift in Sources */ = {isa = PBXBuildFile; fileRef = 38C2606B25669668006C6FA7 /* ListPresenter.swift */; };
		38C26070256697C5006C6FA7 /* Product.swift in Sources */ = {isa = PBXBuildFile; fileRef = 38C2606F256697C5006C6FA7 /* Product.swift */; };
		38C2607325669A7F006C6FA7 /* ListCell.swift in Sources */ = {isa = PBXBuildFile; fileRef = 38C2607225669A7F006C6FA7 /* ListCell.swift */; };
		38C260762566BE18006C6FA7 /* RadioButton.swift in Sources */ = {isa = PBXBuildFile; fileRef = 38C260752566BE18006C6FA7 /* RadioButton.swift */; };
		38F187BE256D008A003C37AD /* AddUserViewController.swift in Sources */ = {isa = PBXBuildFile; fileRef = 38F187BD256D008A003C37AD /* AddUserViewController.swift */; };
		38F187C5256D0147003C37AD /* AddUsersPresenter.swift in Sources */ = {isa = PBXBuildFile; fileRef = 38F187C4256D0147003C37AD /* AddUsersPresenter.swift */; };
		38F187C8256D0186003C37AD /* User.swift in Sources */ = {isa = PBXBuildFile; fileRef = 38F187C7256D0186003C37AD /* User.swift */; };
		4A30C549256B9ED30034B318 /* AuthorizationPresenter.swift in Sources */ = {isa = PBXBuildFile; fileRef = 4A30C545256B9ED30034B318 /* AuthorizationPresenter.swift */; };
		4A30C54A256B9ED30034B318 /* AuthorizationViewController.swift in Sources */ = {isa = PBXBuildFile; fileRef = 4A30C546256B9ED30034B318 /* AuthorizationViewController.swift */; };
		4A30C54C256B9ED30034B318 /* VerificationViewController.swift in Sources */ = {isa = PBXBuildFile; fileRef = 4A30C548256B9ED30034B318 /* VerificationViewController.swift */; };
		4ADE2171256B9F230007F146 /* GoogleService-Info.plist in Resources */ = {isa = PBXBuildFile; fileRef = 4ADE2170256B9F230007F146 /* GoogleService-Info.plist */; };
		6A95D374F1E52F3F7A65EBF1 /* Pods_ShoppingList.framework in Frameworks */ = {isa = PBXBuildFile; fileRef = 2741D5EE3E5888E1473D2397 /* Pods_ShoppingList.framework */; };
/* End PBXBuildFile section */

/* Begin PBXFileReference section */
		2589CD86256D521800695DF5 /* UserDefaultsService.swift */ = {isa = PBXFileReference; lastKnownFileType = sourcecode.swift; path = UserDefaultsService.swift; sourceTree = "<group>"; };
		25991B7F256D4278000C4D43 /* VerificationPresenter.swift */ = {isa = PBXFileReference; lastKnownFileType = sourcecode.swift; path = VerificationPresenter.swift; sourceTree = "<group>"; };
		25BCBA97256D4B7600576EE8 /* AuthorizationData.swift */ = {isa = PBXFileReference; lastKnownFileType = sourcecode.swift; path = AuthorizationData.swift; sourceTree = "<group>"; };
		25EF6E722567D03D0009652B /* UIImage+.swift */ = {isa = PBXFileReference; lastKnownFileType = sourcecode.swift; path = "UIImage+.swift"; sourceTree = "<group>"; };
		2741D5EE3E5888E1473D2397 /* Pods_ShoppingList.framework */ = {isa = PBXFileReference; explicitFileType = wrapper.framework; includeInIndex = 0; path = Pods_ShoppingList.framework; sourceTree = BUILT_PRODUCTS_DIR; };
		3831B7B42564192F00C250EB /* ShoppingList.app */ = {isa = PBXFileReference; explicitFileType = wrapper.application; includeInIndex = 0; path = ShoppingList.app; sourceTree = BUILT_PRODUCTS_DIR; };
		3831B7B72564192F00C250EB /* AppDelegate.swift */ = {isa = PBXFileReference; lastKnownFileType = sourcecode.swift; path = AppDelegate.swift; sourceTree = "<group>"; };
		3831B7B92564192F00C250EB /* SceneDelegate.swift */ = {isa = PBXFileReference; lastKnownFileType = sourcecode.swift; path = SceneDelegate.swift; sourceTree = "<group>"; };
		3831B7C02564193000C250EB /* Assets.xcassets */ = {isa = PBXFileReference; lastKnownFileType = folder.assetcatalog; path = Assets.xcassets; sourceTree = "<group>"; };
		3831B7C32564193000C250EB /* Base */ = {isa = PBXFileReference; lastKnownFileType = file.storyboard; name = Base; path = Base.lproj/LaunchScreen.storyboard; sourceTree = "<group>"; };
		3831B7C52564193000C250EB /* Info.plist */ = {isa = PBXFileReference; lastKnownFileType = text.plist.xml; path = Info.plist; sourceTree = "<group>"; };
		384A0A022567E1C200C40377 /* Coordinator.swift */ = {isa = PBXFileReference; lastKnownFileType = sourcecode.swift; path = Coordinator.swift; sourceTree = "<group>"; };
		38804E232566504B008A1108 /* ShoppingListsModel.swift */ = {isa = PBXFileReference; lastKnownFileType = sourcecode.swift; path = ShoppingListsModel.swift; sourceTree = "<group>"; };
		38804E2A25665AF2008A1108 /* ShoppingListsCell.swift */ = {isa = PBXFileReference; lastKnownFileType = sourcecode.swift; path = ShoppingListsCell.swift; sourceTree = "<group>"; };
		3885AE812565365A00EC71E8 /* ShoppingListsViewController.swift */ = {isa = PBXFileReference; lastKnownFileType = sourcecode.swift; path = ShoppingListsViewController.swift; sourceTree = "<group>"; };
		3885AE842565366A00EC71E8 /* ShoppingListsPresenter.swift */ = {isa = PBXFileReference; lastKnownFileType = sourcecode.swift; path = ShoppingListsPresenter.swift; sourceTree = "<group>"; };
		38C2606325668CC9006C6FA7 /* ListTableViewController.swift */ = {isa = PBXFileReference; lastKnownFileType = sourcecode.swift; path = ListTableViewController.swift; sourceTree = "<group>"; };
		38C2606725668F4C006C6FA7 /* ShoppingListsViewController+UICollectionViewDelegateFlowLayout.swift */ = {isa = PBXFileReference; lastKnownFileType = sourcecode.swift; path = "ShoppingListsViewController+UICollectionViewDelegateFlowLayout.swift"; sourceTree = "<group>"; };
		38C2606B25669668006C6FA7 /* ListPresenter.swift */ = {isa = PBXFileReference; lastKnownFileType = sourcecode.swift; path = ListPresenter.swift; sourceTree = "<group>"; };
		38C2606F256697C5006C6FA7 /* Product.swift */ = {isa = PBXFileReference; lastKnownFileType = sourcecode.swift; path = Product.swift; sourceTree = "<group>"; };
		38C2607225669A7F006C6FA7 /* ListCell.swift */ = {isa = PBXFileReference; lastKnownFileType = sourcecode.swift; path = ListCell.swift; sourceTree = "<group>"; };
		38C260752566BE18006C6FA7 /* RadioButton.swift */ = {isa = PBXFileReference; lastKnownFileType = sourcecode.swift; path = RadioButton.swift; sourceTree = "<group>"; };
		38F187BD256D008A003C37AD /* AddUserViewController.swift */ = {isa = PBXFileReference; lastKnownFileType = sourcecode.swift; path = AddUserViewController.swift; sourceTree = "<group>"; };
		38F187C4256D0147003C37AD /* AddUsersPresenter.swift */ = {isa = PBXFileReference; lastKnownFileType = sourcecode.swift; path = AddUsersPresenter.swift; sourceTree = "<group>"; };
		38F187C7256D0186003C37AD /* User.swift */ = {isa = PBXFileReference; lastKnownFileType = sourcecode.swift; path = User.swift; sourceTree = "<group>"; };
		4A30C545256B9ED30034B318 /* AuthorizationPresenter.swift */ = {isa = PBXFileReference; fileEncoding = 4; lastKnownFileType = sourcecode.swift; path = AuthorizationPresenter.swift; sourceTree = "<group>"; };
		4A30C546256B9ED30034B318 /* AuthorizationViewController.swift */ = {isa = PBXFileReference; fileEncoding = 4; lastKnownFileType = sourcecode.swift; path = AuthorizationViewController.swift; sourceTree = "<group>"; };
		4A30C548256B9ED30034B318 /* VerificationViewController.swift */ = {isa = PBXFileReference; fileEncoding = 4; lastKnownFileType = sourcecode.swift; path = VerificationViewController.swift; sourceTree = "<group>"; };
		4ADE2170256B9F230007F146 /* GoogleService-Info.plist */ = {isa = PBXFileReference; fileEncoding = 4; lastKnownFileType = text.plist.xml; path = "GoogleService-Info.plist"; sourceTree = "<group>"; };
		5C6F6C310B2DE6412C23522F /* Pods-ShoppingList.release.xcconfig */ = {isa = PBXFileReference; includeInIndex = 1; lastKnownFileType = text.xcconfig; name = "Pods-ShoppingList.release.xcconfig"; path = "Target Support Files/Pods-ShoppingList/Pods-ShoppingList.release.xcconfig"; sourceTree = "<group>"; };
		5E881071F62F64EA73A3813E /* Pods-ShoppingList.debug.xcconfig */ = {isa = PBXFileReference; includeInIndex = 1; lastKnownFileType = text.xcconfig; name = "Pods-ShoppingList.debug.xcconfig"; path = "Target Support Files/Pods-ShoppingList/Pods-ShoppingList.debug.xcconfig"; sourceTree = "<group>"; };
/* End PBXFileReference section */

/* Begin PBXFrameworksBuildPhase section */
		3831B7B12564192F00C250EB /* Frameworks */ = {
			isa = PBXFrameworksBuildPhase;
			buildActionMask = 2147483647;
			files = (
				6A95D374F1E52F3F7A65EBF1 /* Pods_ShoppingList.framework in Frameworks */,
			);
			runOnlyForDeploymentPostprocessing = 0;
		};
/* End PBXFrameworksBuildPhase section */

/* Begin PBXGroup section */
		2589CD85256D520C00695DF5 /* Services */ = {
			isa = PBXGroup;
			children = (
				2589CD86256D521800695DF5 /* UserDefaultsService.swift */,
			);
			path = Services;
			sourceTree = "<group>";
		};
		25991B7C256D4252000C4D43 /* VerificationScreen */ = {
			isa = PBXGroup;
			children = (
				25991B7E256D4269000C4D43 /* Presenter */,
				25991B7D256D4265000C4D43 /* View */,
			);
			path = VerificationScreen;
			sourceTree = "<group>";
		};
		25991B7D256D4265000C4D43 /* View */ = {
			isa = PBXGroup;
			children = (
				4A30C548256B9ED30034B318 /* VerificationViewController.swift */,
			);
			path = View;
			sourceTree = "<group>";
		};
		25991B7E256D4269000C4D43 /* Presenter */ = {
			isa = PBXGroup;
			children = (
				25991B7F256D4278000C4D43 /* VerificationPresenter.swift */,
			);
			path = Presenter;
			sourceTree = "<group>";
		};
		25BCBA99256D4B7900576EE8 /* Model */ = {
			isa = PBXGroup;
			children = (
				25BCBA97256D4B7600576EE8 /* AuthorizationData.swift */,
			);
			path = Model;
			sourceTree = "<group>";
		};
		25EF6E6F2567CFD50009652B /* UIEntities */ = {
			isa = PBXGroup;
			children = (
				38C260752566BE18006C6FA7 /* RadioButton.swift */,
			);
			path = UIEntities;
			sourceTree = "<group>";
		};
		25EF6E712567D0330009652B /* Extensions */ = {
			isa = PBXGroup;
			children = (
				25EF6E722567D03D0009652B /* UIImage+.swift */,
			);
			path = Extensions;
			sourceTree = "<group>";
		};
		292383B5D4289E1687FBF3A7 /* Frameworks */ = {
			isa = PBXGroup;
			children = (
				2741D5EE3E5888E1473D2397 /* Pods_ShoppingList.framework */,
			);
			name = Frameworks;
			sourceTree = "<group>";
		};
		3831B7AB2564192F00C250EB = {
			isa = PBXGroup;
			children = (
				3831B7B62564192F00C250EB /* ShoppingList */,
				3831B7B52564192F00C250EB /* Products */,
				B4B88BEEBBB2DDA7A420A97E /* Pods */,
				292383B5D4289E1687FBF3A7 /* Frameworks */,
			);
			sourceTree = "<group>";
		};
		3831B7B52564192F00C250EB /* Products */ = {
			isa = PBXGroup;
			children = (
				3831B7B42564192F00C250EB /* ShoppingList.app */,
			);
			name = Products;
			sourceTree = "<group>";
		};
		3831B7B62564192F00C250EB /* ShoppingList */ = {
			isa = PBXGroup;
			children = (
				2589CD85256D520C00695DF5 /* Services */,
				25991B7C256D4252000C4D43 /* VerificationScreen */,
				4A30C544256B9ED30034B318 /* AuthorizationScreen */,
				3885AE8B256551DC00EC71E8 /* ShoppingListsScreen */,
				38C2605F25668C4C006C6FA7 /* ListScreen */,
				38F187BC256CFFAD003C37AD /* AddUsersScreen */,
				25EF6E712567D0330009652B /* Extensions */,
				3861372F256D0E4900DDFDBE /* Coordinators */,
				25EF6E6F2567CFD50009652B /* UIEntities */,
				384D7635256527970014A32A /* Supporting files */,
			);
			path = ShoppingList;
			sourceTree = "<group>";
		};
		384D7635256527970014A32A /* Supporting files */ = {
			isa = PBXGroup;
			children = (
				3831B7B72564192F00C250EB /* AppDelegate.swift */,
				3831B7B92564192F00C250EB /* SceneDelegate.swift */,
				3831B7C22564193000C250EB /* LaunchScreen.storyboard */,
				3831B7C52564193000C250EB /* Info.plist */,
				4ADE2170256B9F230007F146 /* GoogleService-Info.plist */,
				3831B7C02564193000C250EB /* Assets.xcassets */,
			);
			path = "Supporting files";
			sourceTree = "<group>";
		};
		3861372F256D0E4900DDFDBE /* Coordinators */ = {
			isa = PBXGroup;
			children = (
				384A0A022567E1C200C40377 /* Coordinator.swift */,
			);
			path = Coordinators;
			sourceTree = "<group>";
		};
		38804E2725665A61008A1108 /* Model */ = {
			isa = PBXGroup;
			children = (
				38804E232566504B008A1108 /* ShoppingListsModel.swift */,
			);
			path = Model;
			sourceTree = "<group>";
		};
		38804E2825665A68008A1108 /* View */ = {
			isa = PBXGroup;
			children = (
				3885AE812565365A00EC71E8 /* ShoppingListsViewController.swift */,
				38804E2A25665AF2008A1108 /* ShoppingListsCell.swift */,
			);
			path = View;
			sourceTree = "<group>";
		};
		38804E2925665A76008A1108 /* Presenter */ = {
			isa = PBXGroup;
			children = (
				3885AE842565366A00EC71E8 /* ShoppingListsPresenter.swift */,
			);
			path = Presenter;
			sourceTree = "<group>";
		};
		3885AE8B256551DC00EC71E8 /* ShoppingListsScreen */ = {
			isa = PBXGroup;
			children = (
				38804E2725665A61008A1108 /* Model */,
				38804E2825665A68008A1108 /* View */,
				38804E2925665A76008A1108 /* Presenter */,
				38C2606625668F2C006C6FA7 /* Extensions */,
			);
			path = ShoppingListsScreen;
			sourceTree = "<group>";
		};
		38C2605F25668C4C006C6FA7 /* ListScreen */ = {
			isa = PBXGroup;
			children = (
				38C2606025668C8B006C6FA7 /* Model */,
				38C2606125668C91006C6FA7 /* View */,
				38C2606225668C98006C6FA7 /* Presenter */,
			);
			path = ListScreen;
			sourceTree = "<group>";
		};
		38C2606025668C8B006C6FA7 /* Model */ = {
			isa = PBXGroup;
			children = (
				38C2606F256697C5006C6FA7 /* Product.swift */,
			);
			path = Model;
			sourceTree = "<group>";
		};
		38C2606125668C91006C6FA7 /* View */ = {
			isa = PBXGroup;
			children = (
				38C2606325668CC9006C6FA7 /* ListTableViewController.swift */,
				38C2607225669A7F006C6FA7 /* ListCell.swift */,
			);
			path = View;
			sourceTree = "<group>";
		};
		38C2606225668C98006C6FA7 /* Presenter */ = {
			isa = PBXGroup;
			children = (
				38C2606B25669668006C6FA7 /* ListPresenter.swift */,
			);
			name = Presenter;
			sourceTree = "<group>";
		};
		38C2606625668F2C006C6FA7 /* Extensions */ = {
			isa = PBXGroup;
			children = (
				38C2606725668F4C006C6FA7 /* ShoppingListsViewController+UICollectionViewDelegateFlowLayout.swift */,
			);
			path = Extensions;
			sourceTree = "<group>";
		};
		38F187A1256CE104003C37AD /* Presenter */ = {
			isa = PBXGroup;
			children = (
				4A30C545256B9ED30034B318 /* AuthorizationPresenter.swift */,
			);
			path = Presenter;
			sourceTree = "<group>";
		};
		38F187A4256CE115003C37AD /* View */ = {
			isa = PBXGroup;
			children = (
				4A30C546256B9ED30034B318 /* AuthorizationViewController.swift */,
			);
			path = View;
			sourceTree = "<group>";
		};
		38F187BC256CFFAD003C37AD /* AddUsersScreen */ = {
			isa = PBXGroup;
			children = (
				38F187C0256D0097003C37AD /* Model */,
				38F187C1256D00B2003C37AD /* View */,
				38F187C2256D00B9003C37AD /* Presenter */,
			);
			path = AddUsersScreen;
			sourceTree = "<group>";
		};
		38F187C0256D0097003C37AD /* Model */ = {
			isa = PBXGroup;
			children = (
				38F187C7256D0186003C37AD /* User.swift */,
			);
			path = Model;
			sourceTree = "<group>";
		};
		38F187C1256D00B2003C37AD /* View */ = {
			isa = PBXGroup;
			children = (
				38F187BD256D008A003C37AD /* AddUserViewController.swift */,
			);
			path = View;
			sourceTree = "<group>";
		};
		38F187C2256D00B9003C37AD /* Presenter */ = {
			isa = PBXGroup;
			children = (
				38F187C4256D0147003C37AD /* AddUsersPresenter.swift */,
			);
			path = Presenter;
			sourceTree = "<group>";
		};
		4A30C544256B9ED30034B318 /* AuthorizationScreen */ = {
			isa = PBXGroup;
			children = (
				25BCBA99256D4B7900576EE8 /* Model */,
				38F187A1256CE104003C37AD /* Presenter */,
				38F187A4256CE115003C37AD /* View */,
			);
			path = AuthorizationScreen;
			sourceTree = "<group>";
		};
		B4B88BEEBBB2DDA7A420A97E /* Pods */ = {
			isa = PBXGroup;
			children = (
				5E881071F62F64EA73A3813E /* Pods-ShoppingList.debug.xcconfig */,
				5C6F6C310B2DE6412C23522F /* Pods-ShoppingList.release.xcconfig */,
			);
			path = Pods;
			sourceTree = "<group>";
		};
/* End PBXGroup section */

/* Begin PBXNativeTarget section */
		3831B7B32564192F00C250EB /* ShoppingList */ = {
			isa = PBXNativeTarget;
			buildConfigurationList = 3831B7C82564193000C250EB /* Build configuration list for PBXNativeTarget "ShoppingList" */;
			buildPhases = (
				415EF00F0AFF66E97CDBE50A /* [CP] Check Pods Manifest.lock */,
				3831B7B02564192F00C250EB /* Sources */,
				3831B7B12564192F00C250EB /* Frameworks */,
				3831B7B22564192F00C250EB /* Resources */,
				24B35E31BDAF2B5DF614F7A7 /* [CP] Embed Pods Frameworks */,
			);
			buildRules = (
			);
			dependencies = (
			);
			name = ShoppingList;
			productName = ShoppingList;
			productReference = 3831B7B42564192F00C250EB /* ShoppingList.app */;
			productType = "com.apple.product-type.application";
		};
/* End PBXNativeTarget section */

/* Begin PBXProject section */
		3831B7AC2564192F00C250EB /* Project object */ = {
			isa = PBXProject;
			attributes = {
				LastSwiftUpdateCheck = 1210;
				LastUpgradeCheck = 1210;
				TargetAttributes = {
					3831B7B32564192F00C250EB = {
						CreatedOnToolsVersion = 12.1;
					};
				};
			};
			buildConfigurationList = 3831B7AF2564192F00C250EB /* Build configuration list for PBXProject "ShoppingList" */;
			compatibilityVersion = "Xcode 9.3";
			developmentRegion = en;
			hasScannedForEncodings = 0;
			knownRegions = (
				en,
				Base,
			);
			mainGroup = 3831B7AB2564192F00C250EB;
			productRefGroup = 3831B7B52564192F00C250EB /* Products */;
			projectDirPath = "";
			projectRoot = "";
			targets = (
				3831B7B32564192F00C250EB /* ShoppingList */,
			);
		};
/* End PBXProject section */

/* Begin PBXResourcesBuildPhase section */
		3831B7B22564192F00C250EB /* Resources */ = {
			isa = PBXResourcesBuildPhase;
			buildActionMask = 2147483647;
			files = (
				3831B7C42564193000C250EB /* LaunchScreen.storyboard in Resources */,
				3831B7C12564193000C250EB /* Assets.xcassets in Resources */,
				4ADE2171256B9F230007F146 /* GoogleService-Info.plist in Resources */,
			);
			runOnlyForDeploymentPostprocessing = 0;
		};
/* End PBXResourcesBuildPhase section */

/* Begin PBXShellScriptBuildPhase section */
		24B35E31BDAF2B5DF614F7A7 /* [CP] Embed Pods Frameworks */ = {
			isa = PBXShellScriptBuildPhase;
			buildActionMask = 2147483647;
			files = (
			);
			inputFileListPaths = (
				"${PODS_ROOT}/Target Support Files/Pods-ShoppingList/Pods-ShoppingList-frameworks-${CONFIGURATION}-input-files.xcfilelist",
			);
			name = "[CP] Embed Pods Frameworks";
			outputFileListPaths = (
				"${PODS_ROOT}/Target Support Files/Pods-ShoppingList/Pods-ShoppingList-frameworks-${CONFIGURATION}-output-files.xcfilelist",
			);
			runOnlyForDeploymentPostprocessing = 0;
			shellPath = /bin/sh;
			shellScript = "\"${PODS_ROOT}/Target Support Files/Pods-ShoppingList/Pods-ShoppingList-frameworks.sh\"\n";
			showEnvVarsInLog = 0;
		};
		415EF00F0AFF66E97CDBE50A /* [CP] Check Pods Manifest.lock */ = {
			isa = PBXShellScriptBuildPhase;
			buildActionMask = 2147483647;
			files = (
			);
			inputFileListPaths = (
			);
			inputPaths = (
				"${PODS_PODFILE_DIR_PATH}/Podfile.lock",
				"${PODS_ROOT}/Manifest.lock",
			);
			name = "[CP] Check Pods Manifest.lock";
			outputFileListPaths = (
			);
			outputPaths = (
				"$(DERIVED_FILE_DIR)/Pods-ShoppingList-checkManifestLockResult.txt",
			);
			runOnlyForDeploymentPostprocessing = 0;
			shellPath = /bin/sh;
			shellScript = "diff \"${PODS_PODFILE_DIR_PATH}/Podfile.lock\" \"${PODS_ROOT}/Manifest.lock\" > /dev/null\nif [ $? != 0 ] ; then\n    # print error to STDERR\n    echo \"error: The sandbox is not in sync with the Podfile.lock. Run 'pod install' or update your CocoaPods installation.\" >&2\n    exit 1\nfi\n# This output is used by Xcode 'outputs' to avoid re-running this script phase.\necho \"SUCCESS\" > \"${SCRIPT_OUTPUT_FILE_0}\"\n";
			showEnvVarsInLog = 0;
		};
/* End PBXShellScriptBuildPhase section */

/* Begin PBXSourcesBuildPhase section */
		3831B7B02564192F00C250EB /* Sources */ = {
			isa = PBXSourcesBuildPhase;
			buildActionMask = 2147483647;
			files = (
				38F187C5256D0147003C37AD /* AddUsersPresenter.swift in Sources */,
				4A30C54C256B9ED30034B318 /* VerificationViewController.swift in Sources */,
				4A30C54A256B9ED30034B318 /* AuthorizationViewController.swift in Sources */,
				38C260762566BE18006C6FA7 /* RadioButton.swift in Sources */,
				2589CD87256D521800695DF5 /* UserDefaultsService.swift in Sources */,
				38804E2B25665AF2008A1108 /* ShoppingListsCell.swift in Sources */,
				4A30C549256B9ED30034B318 /* AuthorizationPresenter.swift in Sources */,
				38C26070256697C5006C6FA7 /* Product.swift in Sources */,
				3885AE822565365A00EC71E8 /* ShoppingListsViewController.swift in Sources */,
				38F187C8256D0186003C37AD /* User.swift in Sources */,
				38C2607325669A7F006C6FA7 /* ListCell.swift in Sources */,
				3831B7B82564192F00C250EB /* AppDelegate.swift in Sources */,
				38F187BE256D008A003C37AD /* AddUserViewController.swift in Sources */,
				3885AE852565366A00EC71E8 /* ShoppingListsPresenter.swift in Sources */,
				38C2606425668CC9006C6FA7 /* ListTableViewController.swift in Sources */,
				384A0A032567E1C200C40377 /* Coordinator.swift in Sources */,
				25991B80256D4278000C4D43 /* VerificationPresenter.swift in Sources */,
				3831B7BA2564192F00C250EB /* SceneDelegate.swift in Sources */,
				38C2606C25669668006C6FA7 /* ListPresenter.swift in Sources */,
				25EF6E732567D03D0009652B /* UIImage+.swift in Sources */,
				25BCBA98256D4B7600576EE8 /* AuthorizationData.swift in Sources */,
				38C2606825668F4C006C6FA7 /* ShoppingListsViewController+UICollectionViewDelegateFlowLayout.swift in Sources */,
				38804E242566504B008A1108 /* ShoppingListsModel.swift in Sources */,
			);
			runOnlyForDeploymentPostprocessing = 0;
		};
/* End PBXSourcesBuildPhase section */

/* Begin PBXVariantGroup section */
		3831B7C22564193000C250EB /* LaunchScreen.storyboard */ = {
			isa = PBXVariantGroup;
			children = (
				3831B7C32564193000C250EB /* Base */,
			);
			name = LaunchScreen.storyboard;
			sourceTree = "<group>";
		};
/* End PBXVariantGroup section */

/* Begin XCBuildConfiguration section */
		3831B7C62564193000C250EB /* Debug */ = {
			isa = XCBuildConfiguration;
			buildSettings = {
				ALWAYS_SEARCH_USER_PATHS = NO;
				CLANG_ANALYZER_NONNULL = YES;
				CLANG_ANALYZER_NUMBER_OBJECT_CONVERSION = YES_AGGRESSIVE;
				CLANG_CXX_LANGUAGE_STANDARD = "gnu++14";
				CLANG_CXX_LIBRARY = "libc++";
				CLANG_ENABLE_MODULES = YES;
				CLANG_ENABLE_OBJC_ARC = YES;
				CLANG_ENABLE_OBJC_WEAK = YES;
				CLANG_WARN_BLOCK_CAPTURE_AUTORELEASING = YES;
				CLANG_WARN_BOOL_CONVERSION = YES;
				CLANG_WARN_COMMA = YES;
				CLANG_WARN_CONSTANT_CONVERSION = YES;
				CLANG_WARN_DEPRECATED_OBJC_IMPLEMENTATIONS = YES;
				CLANG_WARN_DIRECT_OBJC_ISA_USAGE = YES_ERROR;
				CLANG_WARN_DOCUMENTATION_COMMENTS = YES;
				CLANG_WARN_EMPTY_BODY = YES;
				CLANG_WARN_ENUM_CONVERSION = YES;
				CLANG_WARN_INFINITE_RECURSION = YES;
				CLANG_WARN_INT_CONVERSION = YES;
				CLANG_WARN_NON_LITERAL_NULL_CONVERSION = YES;
				CLANG_WARN_OBJC_IMPLICIT_RETAIN_SELF = YES;
				CLANG_WARN_OBJC_LITERAL_CONVERSION = YES;
				CLANG_WARN_OBJC_ROOT_CLASS = YES_ERROR;
				CLANG_WARN_QUOTED_INCLUDE_IN_FRAMEWORK_HEADER = YES;
				CLANG_WARN_RANGE_LOOP_ANALYSIS = YES;
				CLANG_WARN_STRICT_PROTOTYPES = YES;
				CLANG_WARN_SUSPICIOUS_MOVE = YES;
				CLANG_WARN_UNGUARDED_AVAILABILITY = YES_AGGRESSIVE;
				CLANG_WARN_UNREACHABLE_CODE = YES;
				CLANG_WARN__DUPLICATE_METHOD_MATCH = YES;
				COPY_PHASE_STRIP = NO;
				DEBUG_INFORMATION_FORMAT = dwarf;
				ENABLE_STRICT_OBJC_MSGSEND = YES;
				ENABLE_TESTABILITY = YES;
				GCC_C_LANGUAGE_STANDARD = gnu11;
				GCC_DYNAMIC_NO_PIC = NO;
				GCC_NO_COMMON_BLOCKS = YES;
				GCC_OPTIMIZATION_LEVEL = 0;
				GCC_PREPROCESSOR_DEFINITIONS = (
					"DEBUG=1",
					"$(inherited)",
				);
				GCC_WARN_64_TO_32_BIT_CONVERSION = YES;
				GCC_WARN_ABOUT_RETURN_TYPE = YES_ERROR;
				GCC_WARN_UNDECLARED_SELECTOR = YES;
				GCC_WARN_UNINITIALIZED_AUTOS = YES_AGGRESSIVE;
				GCC_WARN_UNUSED_FUNCTION = YES;
				GCC_WARN_UNUSED_VARIABLE = YES;
				IPHONEOS_DEPLOYMENT_TARGET = 14.1;
				MTL_ENABLE_DEBUG_INFO = INCLUDE_SOURCE;
				MTL_FAST_MATH = YES;
				ONLY_ACTIVE_ARCH = YES;
				SDKROOT = iphoneos;
				SWIFT_ACTIVE_COMPILATION_CONDITIONS = DEBUG;
				SWIFT_OPTIMIZATION_LEVEL = "-Onone";
			};
			name = Debug;
		};
		3831B7C72564193000C250EB /* Release */ = {
			isa = XCBuildConfiguration;
			buildSettings = {
				ALWAYS_SEARCH_USER_PATHS = NO;
				CLANG_ANALYZER_NONNULL = YES;
				CLANG_ANALYZER_NUMBER_OBJECT_CONVERSION = YES_AGGRESSIVE;
				CLANG_CXX_LANGUAGE_STANDARD = "gnu++14";
				CLANG_CXX_LIBRARY = "libc++";
				CLANG_ENABLE_MODULES = YES;
				CLANG_ENABLE_OBJC_ARC = YES;
				CLANG_ENABLE_OBJC_WEAK = YES;
				CLANG_WARN_BLOCK_CAPTURE_AUTORELEASING = YES;
				CLANG_WARN_BOOL_CONVERSION = YES;
				CLANG_WARN_COMMA = YES;
				CLANG_WARN_CONSTANT_CONVERSION = YES;
				CLANG_WARN_DEPRECATED_OBJC_IMPLEMENTATIONS = YES;
				CLANG_WARN_DIRECT_OBJC_ISA_USAGE = YES_ERROR;
				CLANG_WARN_DOCUMENTATION_COMMENTS = YES;
				CLANG_WARN_EMPTY_BODY = YES;
				CLANG_WARN_ENUM_CONVERSION = YES;
				CLANG_WARN_INFINITE_RECURSION = YES;
				CLANG_WARN_INT_CONVERSION = YES;
				CLANG_WARN_NON_LITERAL_NULL_CONVERSION = YES;
				CLANG_WARN_OBJC_IMPLICIT_RETAIN_SELF = YES;
				CLANG_WARN_OBJC_LITERAL_CONVERSION = YES;
				CLANG_WARN_OBJC_ROOT_CLASS = YES_ERROR;
				CLANG_WARN_QUOTED_INCLUDE_IN_FRAMEWORK_HEADER = YES;
				CLANG_WARN_RANGE_LOOP_ANALYSIS = YES;
				CLANG_WARN_STRICT_PROTOTYPES = YES;
				CLANG_WARN_SUSPICIOUS_MOVE = YES;
				CLANG_WARN_UNGUARDED_AVAILABILITY = YES_AGGRESSIVE;
				CLANG_WARN_UNREACHABLE_CODE = YES;
				CLANG_WARN__DUPLICATE_METHOD_MATCH = YES;
				COPY_PHASE_STRIP = NO;
				DEBUG_INFORMATION_FORMAT = "dwarf-with-dsym";
				ENABLE_NS_ASSERTIONS = NO;
				ENABLE_STRICT_OBJC_MSGSEND = YES;
				GCC_C_LANGUAGE_STANDARD = gnu11;
				GCC_NO_COMMON_BLOCKS = YES;
				GCC_WARN_64_TO_32_BIT_CONVERSION = YES;
				GCC_WARN_ABOUT_RETURN_TYPE = YES_ERROR;
				GCC_WARN_UNDECLARED_SELECTOR = YES;
				GCC_WARN_UNINITIALIZED_AUTOS = YES_AGGRESSIVE;
				GCC_WARN_UNUSED_FUNCTION = YES;
				GCC_WARN_UNUSED_VARIABLE = YES;
				IPHONEOS_DEPLOYMENT_TARGET = 14.1;
				MTL_ENABLE_DEBUG_INFO = NO;
				MTL_FAST_MATH = YES;
				SDKROOT = iphoneos;
				SWIFT_COMPILATION_MODE = wholemodule;
				SWIFT_OPTIMIZATION_LEVEL = "-O";
				VALIDATE_PRODUCT = YES;
			};
			name = Release;
		};
		3831B7C92564193000C250EB /* Debug */ = {
			isa = XCBuildConfiguration;
			baseConfigurationReference = 5E881071F62F64EA73A3813E /* Pods-ShoppingList.debug.xcconfig */;
			buildSettings = {
				ASSETCATALOG_COMPILER_APPICON_NAME = AppIcon;
				ASSETCATALOG_COMPILER_GLOBAL_ACCENT_COLOR_NAME = AccentColor;
				CODE_SIGN_STYLE = Automatic;
				DEVELOPMENT_TEAM = K5PJHH34LF;
				INFOPLIST_FILE = "ShoppingList/Supporting files/Info.plist";
				IPHONEOS_DEPLOYMENT_TARGET = 13.0;
				LD_RUNPATH_SEARCH_PATHS = (
					"$(inherited)",
					"@executable_path/Frameworks",
				);
				PRODUCT_BUNDLE_IDENTIFIER = ru.umbrellait.ShoppingList;
				PRODUCT_NAME = "$(TARGET_NAME)";
				SWIFT_VERSION = 5.0;
				TARGETED_DEVICE_FAMILY = "1,2";
			};
			name = Debug;
		};
		3831B7CA2564193000C250EB /* Release */ = {
			isa = XCBuildConfiguration;
			baseConfigurationReference = 5C6F6C310B2DE6412C23522F /* Pods-ShoppingList.release.xcconfig */;
			buildSettings = {
				ASSETCATALOG_COMPILER_APPICON_NAME = AppIcon;
				ASSETCATALOG_COMPILER_GLOBAL_ACCENT_COLOR_NAME = AccentColor;
				CODE_SIGN_STYLE = Automatic;
				DEVELOPMENT_TEAM = K5PJHH34LF;
				INFOPLIST_FILE = "ShoppingList/Supporting files/Info.plist";
				IPHONEOS_DEPLOYMENT_TARGET = 13.0;
				LD_RUNPATH_SEARCH_PATHS = (
					"$(inherited)",
					"@executable_path/Frameworks",
				);
				PRODUCT_BUNDLE_IDENTIFIER = ru.umbrellait.ShoppingList;
				PRODUCT_NAME = "$(TARGET_NAME)";
				SWIFT_VERSION = 5.0;
				TARGETED_DEVICE_FAMILY = "1,2";
			};
			name = Release;
		};
/* End XCBuildConfiguration section */

/* Begin XCConfigurationList section */
		3831B7AF2564192F00C250EB /* Build configuration list for PBXProject "ShoppingList" */ = {
			isa = XCConfigurationList;
			buildConfigurations = (
				3831B7C62564193000C250EB /* Debug */,
				3831B7C72564193000C250EB /* Release */,
			);
			defaultConfigurationIsVisible = 0;
			defaultConfigurationName = Release;
		};
		3831B7C82564193000C250EB /* Build configuration list for PBXNativeTarget "ShoppingList" */ = {
			isa = XCConfigurationList;
			buildConfigurations = (
				3831B7C92564193000C250EB /* Debug */,
				3831B7CA2564193000C250EB /* Release */,
			);
			defaultConfigurationIsVisible = 0;
			defaultConfigurationName = Release;
		};
/* End XCConfigurationList section */
	};
	rootObject = 3831B7AC2564192F00C250EB /* Project object */;
}
